<?xml version="1.0" encoding="utf-8"?>
<Project ToolsVersion="4.0" xmlns="http://schemas.microsoft.com/developer/msbuild/2003">
  <ItemGroup>
    <Filter Include="Файлы исходного кода">
      <UniqueIdentifier>{4FC737F1-C7A5-4376-A066-2A32D752A2FF}</UniqueIdentifier>
      <Extensions>cpp;c;cc;cxx;def;odl;idl;hpj;bat;asm;asmx</Extensions>
    </Filter>
    <Filter Include="Заголовочные файлы">
      <UniqueIdentifier>{93995380-89BD-4b04-88EB-625FBE52EBFB}</UniqueIdentifier>
      <Extensions>h;hpp;hxx;hm;inl;inc;xsd</Extensions>
    </Filter>
    <Filter Include="Файлы ресурсов">
      <UniqueIdentifier>{67DA6AB6-F800-4c08-8B7A-83BB121AAD01}</UniqueIdentifier>
      <Extensions>rc;ico;cur;bmp;dlg;rc2;rct;bin;rgs;gif;jpg;jpeg;jpe;resx;tiff;tif;png;wav;mfcribbon-ms</Extensions>
    </Filter>
    <Filter Include="Файлы исходного кода\GeometryObjects">
      <UniqueIdentifier>{6380b6b1-2504-48ef-9426-f950d7bea993}</UniqueIdentifier>
    </Filter>
    <Filter Include="Файлы исходного кода\Engine">
      <UniqueIdentifier>{ac8d9636-bc0b-4bd8-b507-960bf577a82a}</UniqueIdentifier>
    </Filter>
    <Filter Include="Файлы исходного кода\Camera">
      <UniqueIdentifier>{7c52e7b9-3649-447c-adff-a5f631d82330}</UniqueIdentifier>
    </Filter>
    <Filter Include="Заголовочные файлы\Engine">
      <UniqueIdentifier>{e20ed197-4993-4e05-82a6-d845518e1e14}</UniqueIdentifier>
    </Filter>
    <Filter Include="Заголовочные файлы\Camera">
      <UniqueIdentifier>{fb69e9d6-eb01-4b23-85bf-335e82f4ff1a}</UniqueIdentifier>
    </Filter>
    <Filter Include="Заголовочные файлы\GeometryObjects">
      <UniqueIdentifier>{12af32f4-27ec-4a3a-a612-dd58a5ddc88e}</UniqueIdentifier>
    </Filter>
  </ItemGroup>
  <ItemGroup>
    <None Include="ReadMe.txt" />
    <None Include="small.ico">
      <Filter>Файлы ресурсов</Filter>
    </None>
    <None Include="GlobalLighting.ico">
      <Filter>Файлы ресурсов</Filter>
    </None>
  </ItemGroup>
  <ItemGroup>
    <ClInclude Include="stdafx.h">
      <Filter>Заголовочные файлы</Filter>
    </ClInclude>
    <ClInclude Include="targetver.h">
      <Filter>Заголовочные файлы</Filter>
    </ClInclude>
    <ClInclude Include="Resource.h">
      <Filter>Заголовочные файлы</Filter>
    </ClInclude>
    <ClInclude Include="GlobalLighting.h">
      <Filter>Заголовочные файлы</Filter>
    </ClInclude>
    <ClInclude Include="HitPoint.h">
      <Filter>Заголовочные файлы\Engine</Filter>
    </ClInclude>
    <ClInclude Include="Vector.h">
      <Filter>Заголовочные файлы\Engine</Filter>
    </ClInclude>
    <ClInclude Include="Material.h">
      <Filter>Заголовочные файлы\Engine</Filter>
    </ClInclude>
    <ClInclude Include="Sphere.h">
      <Filter>Заголовочные файлы\GeometryObjects</Filter>
    </ClInclude>
    <ClInclude Include="Plane.h">
      <Filter>Заголовочные файлы\GeometryObjects</Filter>
    </ClInclude>
    <ClInclude Include="Triangle.h">
      <Filter>Заголовочные файлы\GeometryObjects</Filter>
    </ClInclude>
    <ClInclude Include="Luminance.h">
      <Filter>Заголовочные файлы\Engine</Filter>
    </ClInclude>
    <ClInclude Include="IShape.h">
      <Filter>Заголовочные файлы\GeometryObjects</Filter>
    </ClInclude>
    <ClInclude Include="IEngine.h">
      <Filter>Заголовочные файлы\Engine</Filter>
    </ClInclude>
    <ClInclude Include="Rasterizer.h">
      <Filter>Заголовочные файлы\Engine</Filter>
    </ClInclude>
    <ClInclude Include="SimpleTracing.h">
      <Filter>Заголовочные файлы</Filter>
    </ClInclude>
    <ClInclude Include="scene.h">
      <Filter>Заголовочные файлы\GeometryObjects</Filter>
    </ClInclude>
    <ClInclude Include="MemoryManagerNew.h">
      <Filter>Заголовочные файлы</Filter>
    </ClInclude>
    <ClInclude Include="MemoryManager.h">
      <Filter>Заголовочные файлы</Filter>
    </ClInclude>
    <ClInclude Include="defines.h">
      <Filter>Заголовочные файлы</Filter>
    </ClInclude>
    <ClInclude Include="Square.h">
      <Filter>Заголовочные файлы\GeometryObjects</Filter>
    </ClInclude>
    <ClInclude Include="ILightSource.h">
      <Filter>Заголовочные файлы\GeometryObjects</Filter>
    </ClInclude>
    <ClInclude Include="LightPoint.h">
      <Filter>Заголовочные файлы\Engine</Filter>
    </ClInclude>
    <ClInclude Include="CompositeLightSource.h">
      <Filter>Заголовочные файлы\GeometryObjects</Filter>
    </ClInclude>
  </ItemGroup>
  <ItemGroup>
    <ClCompile Include="stdafx.cpp">
      <Filter>Файлы исходного кода</Filter>
    </ClCompile>
    <ClCompile Include="GlobalLighting.cpp">
      <Filter>Файлы исходного кода</Filter>
    </ClCompile>
    <ClCompile Include="Sphere.cpp">
      <Filter>Файлы исходного кода\GeometryObjects</Filter>
    </ClCompile>
    <ClCompile Include="Plane.cpp">
      <Filter>Файлы исходного кода\GeometryObjects</Filter>
    </ClCompile>
    <ClCompile Include="Triangle.cpp">
      <Filter>Файлы исходного кода\GeometryObjects</Filter>
    </ClCompile>
    <ClCompile Include="SimpleTracing.cpp">
      <Filter>Файлы исходного кода</Filter>
    </ClCompile>
    <ClCompile Include="Scene.cpp">
      <Filter>Файлы исходного кода\GeometryObjects</Filter>
    </ClCompile>
    <ClCompile Include="Square.cpp">
      <Filter>Файлы исходного кода\GeometryObjects</Filter>
    </ClCompile>
    <ClCompile Include="MemoryManager.cpp">
      <Filter>Файлы исходного кода</Filter>
    </ClCompile>
    <ClCompile Include="ComposeLightSource.cpp">
      <Filter>Файлы исходного кода\GeometryObjects</Filter>
    </ClCompile>
  </ItemGroup>
  <ItemGroup>
    <ResourceCompile Include="GlobalLighting.rc">
      <Filter>Файлы ресурсов</Filter>
    </ResourceCompile>
  </ItemGroup>
</Project>