<?xml version="1.0" encoding="utf-8"?>
<Project ToolsVersion="4.0" xmlns="http://schemas.microsoft.com/developer/msbuild/2003">
  <ItemGroup>
    <Filter Include="Файлы исходного кода">
      <UniqueIdentifier>{4FC737F1-C7A5-4376-A066-2A32D752A2FF}</UniqueIdentifier>
      <Extensions>cpp;c;cc;cxx;def;odl;idl;hpj;bat;asm;asmx</Extensions>
    </Filter>
    <Filter Include="Заголовочные файлы">
      <UniqueIdentifier>{93995380-89BD-4b04-88EB-625FBE52EBFB}</UniqueIdentifier>
      <Extensions>h;hpp;hxx;hm;inl;inc;xsd</Extensions>
    </Filter>
    <Filter Include="Файлы ресурсов">
      <UniqueIdentifier>{67DA6AB6-F800-4c08-8B7A-83BB121AAD01}</UniqueIdentifier>
      <Extensions>rc;ico;cur;bmp;dlg;rc2;rct;bin;rgs;gif;jpg;jpeg;jpe;resx;tiff;tif;png;wav;mfcribbon-ms</Extensions>
    </Filter>
    <Filter Include="Заголовочные файлы\Engine">
      <UniqueIdentifier>{e20ed197-4993-4e05-82a6-d845518e1e14}</UniqueIdentifier>
    </Filter>
    <Filter Include="Заголовочные файлы\Shapes">
      <UniqueIdentifier>{12af32f4-27ec-4a3a-a612-dd58a5ddc88e}</UniqueIdentifier>
    </Filter>
    <Filter Include="Файлы исходного кода\Shapes">
      <UniqueIdentifier>{6380b6b1-2504-48ef-9426-f950d7bea993}</UniqueIdentifier>
    </Filter>
    <Filter Include="Файлы исходного кода\Lights">
      <UniqueIdentifier>{69198ba0-6514-4845-821e-6dc44480fbad}</UniqueIdentifier>
    </Filter>
    <Filter Include="Заголовочные файлы\Lights">
      <UniqueIdentifier>{56f4133a-802b-4102-b19a-49314268c043}</UniqueIdentifier>
    </Filter>
    <Filter Include="Заголовочные файлы\Materials">
      <UniqueIdentifier>{62619792-cb79-418d-bb64-290f42f4c7d2}</UniqueIdentifier>
    </Filter>
    <Filter Include="Файлы исходного кода\Materials">
      <UniqueIdentifier>{881f13a4-6dda-4e3a-8bee-c23b8a803b52}</UniqueIdentifier>
    </Filter>
    <Filter Include="Заголовочные файлы\Engines">
      <UniqueIdentifier>{0ef40157-e963-48f2-820c-d4c9c7e2da4a}</UniqueIdentifier>
    </Filter>
    <Filter Include="Файлы исходного кода\Engines">
      <UniqueIdentifier>{ac8d9636-bc0b-4bd8-b507-960bf577a82a}</UniqueIdentifier>
    </Filter>
    <Filter Include="Заголовочные файлы\PhotonMapBuilders">
      <UniqueIdentifier>{a1d4b938-f8dc-4dbd-b9fa-b7209c3a3f89}</UniqueIdentifier>
    </Filter>
    <Filter Include="Файлы исходного кода\Engine">
      <UniqueIdentifier>{73aee6d0-7742-440a-8d39-8bb8d30efdae}</UniqueIdentifier>
    </Filter>
  </ItemGroup>
  <ItemGroup>
    <None Include="ReadMe.txt" />
    <None Include="small.ico">
      <Filter>Файлы ресурсов</Filter>
    </None>
    <None Include="GlobalLighting.ico">
      <Filter>Файлы ресурсов</Filter>
    </None>
  </ItemGroup>
  <ItemGroup>
    <ClInclude Include="targetver.h">
      <Filter>Заголовочные файлы</Filter>
    </ClInclude>
    <ClInclude Include="Resource.h">
      <Filter>Заголовочные файлы</Filter>
    </ClInclude>
    <ClInclude Include="GlobalLighting.h">
      <Filter>Заголовочные файлы</Filter>
    </ClInclude>
    <ClInclude Include="MemoryManagerNew.h">
      <Filter>Заголовочные файлы</Filter>
    </ClInclude>
    <ClInclude Include="MemoryManager.h">
      <Filter>Заголовочные файлы</Filter>
    </ClInclude>
    <ClInclude Include="TriangleLight.h">
      <Filter>Заголовочные файлы\Lights</Filter>
    </ClInclude>
    <ClInclude Include="CompositeLightSource.h">
      <Filter>Заголовочные файлы\Lights</Filter>
    </ClInclude>
    <ClInclude Include="SphereLight.h">
      <Filter>Заголовочные файлы\Lights</Filter>
    </ClInclude>
    <ClInclude Include="SquareLight.h">
      <Filter>Заголовочные файлы\Lights</Filter>
    </ClInclude>
    <ClInclude Include="Triangle.h">
      <Filter>Заголовочные файлы\Shapes</Filter>
    </ClInclude>
    <ClInclude Include="Plane.h">
      <Filter>Заголовочные файлы\Shapes</Filter>
    </ClInclude>
    <ClInclude Include="scene.h">
      <Filter>Заголовочные файлы\Shapes</Filter>
    </ClInclude>
    <ClInclude Include="Sphere.h">
      <Filter>Заголовочные файлы\Shapes</Filter>
    </ClInclude>
    <ClInclude Include="Square.h">
      <Filter>Заголовочные файлы\Shapes</Filter>
    </ClInclude>
    <ClInclude Include="defines.h">
      <Filter>Заголовочные файлы\Engine</Filter>
    </ClInclude>
    <ClInclude Include="Vector.h">
      <Filter>Заголовочные файлы\Engine</Filter>
    </ClInclude>
    <ClInclude Include="HitPoint.h">
      <Filter>Заголовочные файлы\Engine</Filter>
    </ClInclude>
    <ClInclude Include="IEngine.h">
      <Filter>Заголовочные файлы\Engine</Filter>
    </ClInclude>
    <ClInclude Include="ILightSource.h">
      <Filter>Заголовочные файлы\Engine</Filter>
    </ClInclude>
    <ClInclude Include="IShape.h">
      <Filter>Заголовочные файлы\Engine</Filter>
    </ClInclude>
    <ClInclude Include="LightPoint.h">
      <Filter>Заголовочные файлы\Engine</Filter>
    </ClInclude>
    <ClInclude Include="Luminance.h">
      <Filter>Заголовочные файлы\Engine</Filter>
    </ClInclude>
    <ClInclude Include="Rasterizer.h">
      <Filter>Заголовочные файлы\Engine</Filter>
    </ClInclude>
    <ClInclude Include="stdafx.h">
      <Filter>Заголовочные файлы</Filter>
    </ClInclude>
    <ClInclude Include="IMaterial.h">
      <Filter>Заголовочные файлы\Engine</Filter>
    </ClInclude>
    <ClInclude Include="RandomDirection.h">
      <Filter>Заголовочные файлы\Engine</Filter>
    </ClInclude>
    <ClInclude Include="DiffuseSpecularMaterial.h">
      <Filter>Заголовочные файлы\Materials</Filter>
    </ClInclude>
    <ClInclude Include="Photon.h">
      <Filter>Заголовочные файлы\Engine</Filter>
    </ClInclude>
    <ClInclude Include="PhotonMapTracing.h">
      <Filter>Заголовочные файлы\Engines</Filter>
    </ClInclude>
    <ClInclude Include="SimpleTracing.h">
      <Filter>Заголовочные файлы\Engines</Filter>
    </ClInclude>
    <ClInclude Include="IPhotonMapBuilder.h">
      <Filter>Заголовочные файлы\Engine</Filter>
    </ClInclude>
    <ClInclude Include="PhotonMap.h">
      <Filter>Заголовочные файлы\Engine</Filter>
    </ClInclude>
    <ClInclude Include="CausticPhotonMapBuilder.h">
      <Filter>Заголовочные файлы\PhotonMapBuilders</Filter>
    </ClInclude>
    <ClInclude Include="GlobalPhotonMapBuilder.h">
      <Filter>Заголовочные файлы\PhotonMapBuilders</Filter>
    </ClInclude>
  </ItemGroup>
  <ItemGroup>
    <ClCompile Include="GlobalLighting.cpp">
      <Filter>Файлы исходного кода</Filter>
    </ClCompile>
    <ClCompile Include="MemoryManager.cpp">
      <Filter>Файлы исходного кода</Filter>
    </ClCompile>
    <ClCompile Include="ComposeLightSource.cpp">
      <Filter>Файлы исходного кода\Lights</Filter>
    </ClCompile>
    <ClCompile Include="SphereLight.cpp">
      <Filter>Файлы исходного кода\Lights</Filter>
    </ClCompile>
    <ClCompile Include="SquareLight.cpp">
      <Filter>Файлы исходного кода\Lights</Filter>
    </ClCompile>
    <ClCompile Include="TriangleLight.cpp">
      <Filter>Файлы исходного кода\Lights</Filter>
    </ClCompile>
    <ClCompile Include="Plane.cpp">
      <Filter>Файлы исходного кода\Shapes</Filter>
    </ClCompile>
    <ClCompile Include="Scene.cpp">
      <Filter>Файлы исходного кода\Shapes</Filter>
    </ClCompile>
    <ClCompile Include="Sphere.cpp">
      <Filter>Файлы исходного кода\Shapes</Filter>
    </ClCompile>
    <ClCompile Include="Square.cpp">
      <Filter>Файлы исходного кода\Shapes</Filter>
    </ClCompile>
    <ClCompile Include="Triangle.cpp">
      <Filter>Файлы исходного кода\Shapes</Filter>
    </ClCompile>
    <ClCompile Include="SimpleTracing.cpp">
      <Filter>Файлы исходного кода\Engines</Filter>
    </ClCompile>
    <ClCompile Include="stdafx.cpp">
      <Filter>Файлы исходного кода</Filter>
    </ClCompile>
    <ClCompile Include="PhotonMapTracing.cpp">
      <Filter>Файлы исходного кода\Engines</Filter>
    </ClCompile>
    <ClCompile Include="PhotonMap.cpp">
      <Filter>Файлы исходного кода\Engine</Filter>
    </ClCompile>
  </ItemGroup>
  <ItemGroup>
    <ResourceCompile Include="GlobalLighting.rc">
      <Filter>Файлы ресурсов</Filter>
    </ResourceCompile>
  </ItemGroup>
</Project>